
Microsoft Visual Studio Solution File, Format Version 12.00
# Visual Studio Version 16
VisualStudioVersion = 16.0.31205.134
MinimumVisualStudioVersion = 10.0.40219.1
Project("{FAE04EC0-301F-11D3-BF4B-00C04F79EFBC}") = "May2021", "May2021\May2021.csproj", "{23170C7C-33AB-4089-87BD-C891F8D6042C}"
EndProject
Global
	GlobalSection(SolutionConfigurationPlatforms) = preSolution
		Debug|Any CPU = Debug|Any CPU
		Release|Any CPU = Release|Any CPU
	EndGlobalSection
	GlobalSection(ProjectConfigurationPlatforms) = postSolution
		{23170C7C-33AB-4089-87BD-C891F8D6042C}.Debug|Any CPU.ActiveCfg = Debug|Any CPU
		{23170C7C-33AB-4089-87BD-C891F8D6042C}.Debug|Any CPU.Build.0 = Debug|Any CPU
		{23170C7C-33AB-4089-87BD-C891F8D6042C}.Release|Any CPU.ActiveCfg = Release|Any CPU
		{23170C7C-33AB-4089-87BD-C891F8D6042C}.Release|Any CPU.Build.0 = Release|Any CPU
	EndGlobalSection
	GlobalSection(SolutionProperties) = preSolution
		HideSolutionNode = FALSE
	EndGlobalSection
	GlobalSection(ExtensibilityGlobals) = postSolution
		SolutionGuid = {F57A3758-8E30-49DB-8DAE-AAA0DC28C1ED}
	EndGlobalSection
EndGlobal
